
Microsoft Visual Studio Solution File, Format Version 12.00
# Visual Studio Version 16
VisualStudioVersion = 16.0.31702.278
MinimumVisualStudioVersion = 10.0.40219.1
Project("{FAE04EC0-301F-11D3-BF4B-00C04F79EFBC}") = "AffirmChallenge", "AffirmChallenge\AffirmChallenge.csproj", "{C8BEDCF9-B351-403F-BFB9-AA6C17AB9BCD}"
EndProject
Project("{FAE04EC0-301F-11D3-BF4B-00C04F79EFBC}") = "AffirmChallenge.Tests", "AffirmChallenge.Tests\AffirmChallenge.Tests.csproj", "{6134CADD-0C11-485C-B90E-205D9D769F00}"
EndProject
Global
	GlobalSection(SolutionConfigurationPlatforms) = preSolution
		Debug|Any CPU = Debug|Any CPU
		Release|Any CPU = Release|Any CPU
	EndGlobalSection
	GlobalSection(ProjectConfigurationPlatforms) = postSolution
		{C8BEDCF9-B351-403F-BFB9-AA6C17AB9BCD}.Debug|Any CPU.ActiveCfg = Debug|Any CPU
		{C8BEDCF9-B351-403F-BFB9-AA6C17AB9BCD}.Debug|Any CPU.Build.0 = Debug|Any CPU
		{C8BEDCF9-B351-403F-BFB9-AA6C17AB9BCD}.Release|Any CPU.ActiveCfg = Release|Any CPU
		{C8BEDCF9-B351-403F-BFB9-AA6C17AB9BCD}.Release|Any CPU.Build.0 = Release|Any CPU
		{6134CADD-0C11-485C-B90E-205D9D769F00}.Debug|Any CPU.ActiveCfg = Debug|Any CPU
		{6134CADD-0C11-485C-B90E-205D9D769F00}.Debug|Any CPU.Build.0 = Debug|Any CPU
		{6134CADD-0C11-485C-B90E-205D9D769F00}.Release|Any CPU.ActiveCfg = Release|Any CPU
		{6134CADD-0C11-485C-B90E-205D9D769F00}.Release|Any CPU.Build.0 = Release|Any CPU
	EndGlobalSection
	GlobalSection(SolutionProperties) = preSolution
		HideSolutionNode = FALSE
	EndGlobalSection
	GlobalSection(ExtensibilityGlobals) = postSolution
		SolutionGuid = {F74ADA79-DBEE-4EDF-B8F1-71F92E814D3F}
	EndGlobalSection
EndGlobal
